<?xml version="1.0" encoding="utf-8"?>
<Project ToolsVersion="4.0" xmlns="http://schemas.microsoft.com/developer/msbuild/2003">
  <ItemGroup>
    <Filter Include="Source Files">
      <UniqueIdentifier>{4FC737F1-C7A5-4376-A066-2A32D752A2FF}</UniqueIdentifier>
      <Extensions>cpp;c;cc;cxx;def;odl;idl;hpj;bat;asm;asmx</Extensions>
    </Filter>
    <Filter Include="Header Files">
      <UniqueIdentifier>{93995380-89BD-4b04-88EB-625FBE52EBFB}</UniqueIdentifier>
      <Extensions>h;hh;hpp;hxx;hm;inl;inc;xsd</Extensions>
    </Filter>
    <Filter Include="Resource Files">
      <UniqueIdentifier>{67DA6AB6-F800-4c08-8B7A-83BB121AAD01}</UniqueIdentifier>
      <Extensions>rc;ico;cur;bmp;dlg;rc2;rct;bin;rgs;gif;jpg;jpeg;jpe;resx;tiff;tif;png;wav;mfcribbon-ms</Extensions>
    </Filter>
    <Filter Include="Header Files\includes">
      <UniqueIdentifier>{8574698e-c0f1-4b75-951a-22f7fc33674d}</UniqueIdentifier>
    </Filter>
  </ItemGroup>
  <ItemGroup>
    <ClInclude Include="Sphinx4Interface.h">
      <Filter>Header Files</Filter>
    </ClInclude>
    <ClInclude Include="includes\cmd_ln.h">
      <Filter>Header Files\includes</Filter>
    </ClInclude>
    <ClInclude Include="includes\pocketsphinx.h">
      <Filter>Header Files\includes</Filter>
    </ClInclude>
    <ClInclude Include="includes\err.h">
      <Filter>Header Files\includes</Filter>
    </ClInclude>
    <ClInclude Include="includes\ad.h">
      <Filter>Header Files\includes</Filter>
    </ClInclude>
    <ClInclude Include="includes\cont_ad.h">
      <Filter>Header Files\includes</Filter>
    </ClInclude>
    <ClInclude Include="includes\sphinxbase_export.h">
      <Filter>Header Files\includes</Filter>
    </ClInclude>
    <ClInclude Include="includes\config.h">
      <Filter>Header Files\includes</Filter>
    </ClInclude>
    <ClInclude Include="includes\sphinx_config.h">
      <Filter>Header Files\includes</Filter>
    </ClInclude>
    <ClInclude Include="includes\prim_type.h">
      <Filter>Header Files\includes</Filter>
    </ClInclude>
    <ClInclude Include="includes\fe.h">
      <Filter>Header Files\includes</Filter>
    </ClInclude>
    <ClInclude Include="includes\feat.h">
      <Filter>Header Files\includes</Filter>
    </ClInclude>
    <ClInclude Include="includes\logmath.h">
      <Filter>Header Files\includes</Filter>
    </ClInclude>
    <ClInclude Include="includes\ngram_model.h">
      <Filter>Header Files\includes</Filter>
    </ClInclude>
    <ClInclude Include="includes\fsg_set.h">
      <Filter>Header Files\includes</Filter>
    </ClInclude>
    <ClInclude Include="includes\ps_lattice.h">
      <Filter>Header Files\includes</Filter>
    </ClInclude>
    <ClInclude Include="includes\ps_mllr.h">
      <Filter>Header Files\includes</Filter>
    </ClInclude>
    <ClInclude Include="includes\fixpoint.h">
      <Filter>Header Files\includes</Filter>
    </ClInclude>
    <ClInclude Include="includes\agc.h">
      <Filter>Header Files\includes</Filter>
    </ClInclude>
    <ClInclude Include="includes\cmn.h">
      <Filter>Header Files\includes</Filter>
    </ClInclude>
    <ClInclude Include="includes\mmio.h">
      <Filter>Header Files\includes</Filter>
    </ClInclude>
    <ClInclude Include="includes\pocketsphinx_export.h">
      <Filter>Header Files\includes</Filter>
    </ClInclude>
    <ClInclude Include="includes\cmdln_macro.h">
      <Filter>Header Files\includes</Filter>
    </ClInclude>
    <ClInclude Include="includes\fsg_model.h">
      <Filter>Header Files\includes</Filter>
    </ClInclude>
    <ClInclude Include="includes\hash_table.h">
      <Filter>Header Files\includes</Filter>
    </ClInclude>
    <ClInclude Include="includes\jsgf.h">
      <Filter>Header Files\includes</Filter>
    </ClInclude>
    <ClInclude Include="includes\bitvec.h">
      <Filter>Header Files\includes</Filter>
    </ClInclude>
    <ClInclude Include="includes\ckd_alloc.h">
      <Filter>Header Files\includes</Filter>
    </ClInclude>
    <ClInclude Include="includes\glist.h">
      <Filter>Header Files\includes</Filter>
    </ClInclude>
    <ClInclude Include="includes\listelem_alloc.h">
      <Filter>Header Files\includes</Filter>
    </ClInclude>
  </ItemGroup>
  <ItemGroup>
    <ClCompile Include="Sphinx4Interface.cpp">
      <Filter>Source Files</Filter>
    </ClCompile>
  </ItemGroup>
</Project>