<?xml version="1.0" encoding="utf-8"?>
<Project ToolsVersion="4.0" xmlns="http://schemas.microsoft.com/developer/msbuild/2003">
  <ItemGroup>
    <ClCompile Include="Sphinx4Interface.cpp" />
  </ItemGroup>
  <ItemGroup>
    <ClInclude Include="Sphinx4Interface.h" />
    <ClInclude Include="includes\ad.h">
      <Filter>includes</Filter>
    </ClInclude>
    <ClInclude Include="includes\agc.h">
      <Filter>includes</Filter>
    </ClInclude>
    <ClInclude Include="includes\bitvec.h">
      <Filter>includes</Filter>
    </ClInclude>
    <ClInclude Include="includes\ckd_alloc.h">
      <Filter>includes</Filter>
    </ClInclude>
    <ClInclude Include="includes\cmd_ln.h">
      <Filter>includes</Filter>
    </ClInclude>
    <ClInclude Include="includes\cmdln_macro.h">
      <Filter>includes</Filter>
    </ClInclude>
    <ClInclude Include="includes\cmn.h">
      <Filter>includes</Filter>
    </ClInclude>
    <ClInclude Include="includes\config.h">
      <Filter>includes</Filter>
    </ClInclude>
    <ClInclude Include="includes\cont_ad.h">
      <Filter>includes</Filter>
    </ClInclude>
    <ClInclude Include="includes\err.h">
      <Filter>includes</Filter>
    </ClInclude>
    <ClInclude Include="includes\fe.h">
      <Filter>includes</Filter>
    </ClInclude>
    <ClInclude Include="includes\feat.h">
      <Filter>includes</Filter>
    </ClInclude>
    <ClInclude Include="includes\fixpoint.h">
      <Filter>includes</Filter>
    </ClInclude>
    <ClInclude Include="includes\fsg_model.h">
      <Filter>includes</Filter>
    </ClInclude>
    <ClInclude Include="includes\fsg_set.h">
      <Filter>includes</Filter>
    </ClInclude>
    <ClInclude Include="includes\glist.h">
      <Filter>includes</Filter>
    </ClInclude>
    <ClInclude Include="includes\hash_table.h">
      <Filter>includes</Filter>
    </ClInclude>
    <ClInclude Include="includes\jsgf.h">
      <Filter>includes</Filter>
    </ClInclude>
    <ClInclude Include="includes\listelem_alloc.h">
      <Filter>includes</Filter>
    </ClInclude>
    <ClInclude Include="includes\logmath.h">
      <Filter>includes</Filter>
    </ClInclude>
    <ClInclude Include="includes\mmio.h">
      <Filter>includes</Filter>
    </ClInclude>
    <ClInclude Include="includes\ngram_model.h">
      <Filter>includes</Filter>
    </ClInclude>
    <ClInclude Include="includes\pocketsphinx.h">
      <Filter>includes</Filter>
    </ClInclude>
    <ClInclude Include="includes\pocketsphinx_export.h">
      <Filter>includes</Filter>
    </ClInclude>
    <ClInclude Include="includes\prim_type.h">
      <Filter>includes</Filter>
    </ClInclude>
    <ClInclude Include="includes\ps_lattice.h">
      <Filter>includes</Filter>
    </ClInclude>
    <ClInclude Include="includes\ps_mllr.h">
      <Filter>includes</Filter>
    </ClInclude>
    <ClInclude Include="includes\sphinx_config.h">
      <Filter>includes</Filter>
    </ClInclude>
    <ClInclude Include="includes\sphinxbase_export.h">
      <Filter>includes</Filter>
    </ClInclude>
  </ItemGroup>
  <ItemGroup>
    <Filter Include="includes">
      <UniqueIdentifier>{76327c4a-8c45-4323-a6f6-8828faf8e4f9}</UniqueIdentifier>
    </Filter>
    <Filter Include="depends">
      <UniqueIdentifier>{52d24d00-2928-4c52-bc10-c4bd95b3e444}</UniqueIdentifier>
    </Filter>
  </ItemGroup>
  <ItemGroup>
    <None Include="depends\pocketsphinx.dll">
      <Filter>depends</Filter>
    </None>
    <None Include="depends\pocketsphinx.exp">
      <Filter>depends</Filter>
    </None>
    <None Include="depends\sphinxbase.dll">
      <Filter>depends</Filter>
    </None>
    <None Include="depends\sphinxbase.exp">
      <Filter>depends</Filter>
    </None>
  </ItemGroup>
</Project>